
Microsoft Visual Studio Solution File, Format Version 12.00
# Visual Studio Version 16
VisualStudioVersion = 16.0.29020.237
MinimumVisualStudioVersion = 10.0.40219.1
Project("{9A19103F-16F7-4668-BE54-9A1E7A4F7556}") = "TMTDentalAPI", "TMTDentalAPI\TMTDentalAPI.csproj", "{0736A3D3-9243-45A2-A699-D7B5BC158C01}"
EndProject
Project("{9A19103F-16F7-4668-BE54-9A1E7A4F7556}") = "ApplicationCore", "ApplicationCore\ApplicationCore.csproj", "{EE82A5F1-AA12-4FA7-959E-093B85FB0623}"
EndProject
Project("{9A19103F-16F7-4668-BE54-9A1E7A4F7556}") = "Infrastructure", "Infrastructure\Infrastructure.csproj", "{672F8246-5ED3-4769-BBD7-48D24D7E7E64}"
EndProject
Project("{9A19103F-16F7-4668-BE54-9A1E7A4F7556}") = "Umbraco.Web", "Umbraco.Web\Umbraco.Web.csproj", "{1338A59E-4D36-4119-8435-2CA2F1E6C5FD}"
EndProject
Project("{9A19103F-16F7-4668-BE54-9A1E7A4F7556}") = "TMTDentalAdmin", "TMTDentalAdmin\TMTDentalAdmin.csproj", "{5F3302BB-B568-4EC8-B996-15811F33A773}"
EndProject
Project("{9A19103F-16F7-4668-BE54-9A1E7A4F7556}") = "ZaloDotNetSDK", "ZaloDotNetSDK\ZaloDotNetSDK.csproj", "{35BF95D8-9599-4F33-8538-0D306572C118}"
EndProject
Project("{9A19103F-16F7-4668-BE54-9A1E7A4F7556}") = "Facebook.ApiClient", "Facebook.ApiClient\Facebook.ApiClient.csproj", "{D6314431-6C67-469E-AD3D-59BE22AC5CF0}"
EndProject
Project("{9A19103F-16F7-4668-BE54-9A1E7A4F7556}") = "TMTDentalWebhook", "TMTDentalWebhook\TMTDentalWebhook.csproj", "{6070E925-DDB6-405F-A8B8-442F0C06CF5F}"
EndProject
Project("{9A19103F-16F7-4668-BE54-9A1E7A4F7556}") = "Microsoft.AspNetCore.WebHooks.Receivers", "Microsoft.AspNetCore.WebHooks.Receivers\Microsoft.AspNetCore.WebHooks.Receivers.csproj", "{17BAE082-05AE-43C1-B2FD-194D2AF1C6D0}"
EndProject
Project("{9A19103F-16F7-4668-BE54-9A1E7A4F7556}") = "Microsoft.AspNetCore.WebHooks.Receivers.Facebook", "Microsoft.AspNetCore.WebHooks.Receivers.Facebook\Microsoft.AspNetCore.WebHooks.Receivers.Facebook.csproj", "{16CCFC84-B142-452F-9D28-98D2A05469E8}"
EndProject
Project("{9A19103F-16F7-4668-BE54-9A1E7A4F7556}") = "TMTTimeKeeper", "TMTTimeKeeper\TMTTimeKeeper.csproj", "{67A19E61-1BB5-4B14-8956-81BD4388BDDA}"
EndProject
Project("{FAE04EC0-301F-11D3-BF4B-00C04F79EFBC}") = "Demo", "Demo\Demo.csproj", "{73875834-B2F3-4BEA-BC4D-816678DE24DB}"
EndProject
Project("{54435603-DBB4-11D2-8724-00A0C9A8B90C}") = "SetupDemo", "SetupDemo\SetupDemo.vdproj", "{96D817DC-C3F0-44B3-A1F1-C1BE0ACC0122}"
EndProject
Global
	GlobalSection(SolutionConfigurationPlatforms) = preSolution
		All|Any CPU = All|Any CPU
		All|x86 = All|x86
		Debug|Any CPU = Debug|Any CPU
		Debug|x86 = Debug|x86
		Release|Any CPU = Release|Any CPU
		Release|x86 = Release|x86
	EndGlobalSection
	GlobalSection(ProjectConfigurationPlatforms) = postSolution
		{0736A3D3-9243-45A2-A699-D7B5BC158C01}.All|Any CPU.ActiveCfg = Release|Any CPU
		{0736A3D3-9243-45A2-A699-D7B5BC158C01}.All|Any CPU.Build.0 = Release|Any CPU
		{0736A3D3-9243-45A2-A699-D7B5BC158C01}.All|x86.ActiveCfg = Release|x86
		{0736A3D3-9243-45A2-A699-D7B5BC158C01}.All|x86.Build.0 = Release|x86
		{0736A3D3-9243-45A2-A699-D7B5BC158C01}.Debug|Any CPU.ActiveCfg = Debug|Any CPU
		{0736A3D3-9243-45A2-A699-D7B5BC158C01}.Debug|Any CPU.Build.0 = Debug|Any CPU
		{0736A3D3-9243-45A2-A699-D7B5BC158C01}.Debug|x86.ActiveCfg = Debug|x86
		{0736A3D3-9243-45A2-A699-D7B5BC158C01}.Debug|x86.Build.0 = Debug|x86
		{0736A3D3-9243-45A2-A699-D7B5BC158C01}.Release|Any CPU.ActiveCfg = Release|Any CPU
		{0736A3D3-9243-45A2-A699-D7B5BC158C01}.Release|Any CPU.Build.0 = Release|Any CPU
		{0736A3D3-9243-45A2-A699-D7B5BC158C01}.Release|x86.ActiveCfg = Release|x86
		{0736A3D3-9243-45A2-A699-D7B5BC158C01}.Release|x86.Build.0 = Release|x86
		{EE82A5F1-AA12-4FA7-959E-093B85FB0623}.All|Any CPU.ActiveCfg = Release|Any CPU
		{EE82A5F1-AA12-4FA7-959E-093B85FB0623}.All|Any CPU.Build.0 = Release|Any CPU
		{EE82A5F1-AA12-4FA7-959E-093B85FB0623}.All|x86.ActiveCfg = Release|x86
		{EE82A5F1-AA12-4FA7-959E-093B85FB0623}.All|x86.Build.0 = Release|x86
		{EE82A5F1-AA12-4FA7-959E-093B85FB0623}.Debug|Any CPU.ActiveCfg = Debug|Any CPU
		{EE82A5F1-AA12-4FA7-959E-093B85FB0623}.Debug|Any CPU.Build.0 = Debug|Any CPU
		{EE82A5F1-AA12-4FA7-959E-093B85FB0623}.Debug|x86.ActiveCfg = Debug|x86
		{EE82A5F1-AA12-4FA7-959E-093B85FB0623}.Debug|x86.Build.0 = Debug|x86
		{EE82A5F1-AA12-4FA7-959E-093B85FB0623}.Release|Any CPU.ActiveCfg = Release|Any CPU
		{EE82A5F1-AA12-4FA7-959E-093B85FB0623}.Release|Any CPU.Build.0 = Release|Any CPU
		{EE82A5F1-AA12-4FA7-959E-093B85FB0623}.Release|x86.ActiveCfg = Release|x86
		{EE82A5F1-AA12-4FA7-959E-093B85FB0623}.Release|x86.Build.0 = Release|x86
		{672F8246-5ED3-4769-BBD7-48D24D7E7E64}.All|Any CPU.ActiveCfg = Release|Any CPU
		{672F8246-5ED3-4769-BBD7-48D24D7E7E64}.All|Any CPU.Build.0 = Release|Any CPU
		{672F8246-5ED3-4769-BBD7-48D24D7E7E64}.All|x86.ActiveCfg = Release|x86
		{672F8246-5ED3-4769-BBD7-48D24D7E7E64}.All|x86.Build.0 = Release|x86
		{672F8246-5ED3-4769-BBD7-48D24D7E7E64}.Debug|Any CPU.ActiveCfg = Debug|Any CPU
		{672F8246-5ED3-4769-BBD7-48D24D7E7E64}.Debug|Any CPU.Build.0 = Debug|Any CPU
		{672F8246-5ED3-4769-BBD7-48D24D7E7E64}.Debug|x86.ActiveCfg = Debug|x86
		{672F8246-5ED3-4769-BBD7-48D24D7E7E64}.Debug|x86.Build.0 = Debug|x86
		{672F8246-5ED3-4769-BBD7-48D24D7E7E64}.Release|Any CPU.ActiveCfg = Release|Any CPU
		{672F8246-5ED3-4769-BBD7-48D24D7E7E64}.Release|Any CPU.Build.0 = Release|Any CPU
		{672F8246-5ED3-4769-BBD7-48D24D7E7E64}.Release|x86.ActiveCfg = Release|x86
		{672F8246-5ED3-4769-BBD7-48D24D7E7E64}.Release|x86.Build.0 = Release|x86
		{1338A59E-4D36-4119-8435-2CA2F1E6C5FD}.All|Any CPU.ActiveCfg = Release|Any CPU
		{1338A59E-4D36-4119-8435-2CA2F1E6C5FD}.All|Any CPU.Build.0 = Release|Any CPU
		{1338A59E-4D36-4119-8435-2CA2F1E6C5FD}.All|x86.ActiveCfg = Release|x86
		{1338A59E-4D36-4119-8435-2CA2F1E6C5FD}.All|x86.Build.0 = Release|x86
		{1338A59E-4D36-4119-8435-2CA2F1E6C5FD}.Debug|Any CPU.ActiveCfg = Debug|Any CPU
		{1338A59E-4D36-4119-8435-2CA2F1E6C5FD}.Debug|Any CPU.Build.0 = Debug|Any CPU
		{1338A59E-4D36-4119-8435-2CA2F1E6C5FD}.Debug|x86.ActiveCfg = Debug|x86
		{1338A59E-4D36-4119-8435-2CA2F1E6C5FD}.Debug|x86.Build.0 = Debug|x86
		{1338A59E-4D36-4119-8435-2CA2F1E6C5FD}.Release|Any CPU.ActiveCfg = Release|Any CPU
		{1338A59E-4D36-4119-8435-2CA2F1E6C5FD}.Release|Any CPU.Build.0 = Release|Any CPU
		{1338A59E-4D36-4119-8435-2CA2F1E6C5FD}.Release|x86.ActiveCfg = Release|x86
		{1338A59E-4D36-4119-8435-2CA2F1E6C5FD}.Release|x86.Build.0 = Release|x86
		{5F3302BB-B568-4EC8-B996-15811F33A773}.All|Any CPU.ActiveCfg = Release|Any CPU
		{5F3302BB-B568-4EC8-B996-15811F33A773}.All|Any CPU.Build.0 = Release|Any CPU
		{5F3302BB-B568-4EC8-B996-15811F33A773}.All|x86.ActiveCfg = Release|x86
		{5F3302BB-B568-4EC8-B996-15811F33A773}.All|x86.Build.0 = Release|x86
		{5F3302BB-B568-4EC8-B996-15811F33A773}.Debug|Any CPU.ActiveCfg = Debug|Any CPU
		{5F3302BB-B568-4EC8-B996-15811F33A773}.Debug|Any CPU.Build.0 = Debug|Any CPU
		{5F3302BB-B568-4EC8-B996-15811F33A773}.Debug|x86.ActiveCfg = Debug|x86
		{5F3302BB-B568-4EC8-B996-15811F33A773}.Debug|x86.Build.0 = Debug|x86
		{5F3302BB-B568-4EC8-B996-15811F33A773}.Release|Any CPU.ActiveCfg = Release|Any CPU
		{5F3302BB-B568-4EC8-B996-15811F33A773}.Release|Any CPU.Build.0 = Release|Any CPU
		{5F3302BB-B568-4EC8-B996-15811F33A773}.Release|x86.ActiveCfg = Release|x86
		{5F3302BB-B568-4EC8-B996-15811F33A773}.Release|x86.Build.0 = Release|x86
		{35BF95D8-9599-4F33-8538-0D306572C118}.All|Any CPU.ActiveCfg = Release|Any CPU
		{35BF95D8-9599-4F33-8538-0D306572C118}.All|Any CPU.Build.0 = Release|Any CPU
		{35BF95D8-9599-4F33-8538-0D306572C118}.All|x86.ActiveCfg = Release|x86
		{35BF95D8-9599-4F33-8538-0D306572C118}.All|x86.Build.0 = Release|x86
		{35BF95D8-9599-4F33-8538-0D306572C118}.Debug|Any CPU.ActiveCfg = Debug|Any CPU
		{35BF95D8-9599-4F33-8538-0D306572C118}.Debug|Any CPU.Build.0 = Debug|Any CPU
		{35BF95D8-9599-4F33-8538-0D306572C118}.Debug|x86.ActiveCfg = Debug|x86
		{35BF95D8-9599-4F33-8538-0D306572C118}.Debug|x86.Build.0 = Debug|x86
		{35BF95D8-9599-4F33-8538-0D306572C118}.Release|Any CPU.ActiveCfg = Release|Any CPU
		{35BF95D8-9599-4F33-8538-0D306572C118}.Release|Any CPU.Build.0 = Release|Any CPU
		{35BF95D8-9599-4F33-8538-0D306572C118}.Release|x86.ActiveCfg = Release|x86
		{35BF95D8-9599-4F33-8538-0D306572C118}.Release|x86.Build.0 = Release|x86
		{D6314431-6C67-469E-AD3D-59BE22AC5CF0}.All|Any CPU.ActiveCfg = Release|Any CPU
		{D6314431-6C67-469E-AD3D-59BE22AC5CF0}.All|Any CPU.Build.0 = Release|Any CPU
		{D6314431-6C67-469E-AD3D-59BE22AC5CF0}.All|x86.ActiveCfg = Release|x86
		{D6314431-6C67-469E-AD3D-59BE22AC5CF0}.All|x86.Build.0 = Release|x86
		{D6314431-6C67-469E-AD3D-59BE22AC5CF0}.Debug|Any CPU.ActiveCfg = Debug|Any CPU
		{D6314431-6C67-469E-AD3D-59BE22AC5CF0}.Debug|Any CPU.Build.0 = Debug|Any CPU
		{D6314431-6C67-469E-AD3D-59BE22AC5CF0}.Debug|x86.ActiveCfg = Debug|x86
		{D6314431-6C67-469E-AD3D-59BE22AC5CF0}.Debug|x86.Build.0 = Debug|x86
		{D6314431-6C67-469E-AD3D-59BE22AC5CF0}.Release|Any CPU.ActiveCfg = Release|Any CPU
		{D6314431-6C67-469E-AD3D-59BE22AC5CF0}.Release|Any CPU.Build.0 = Release|Any CPU
		{D6314431-6C67-469E-AD3D-59BE22AC5CF0}.Release|x86.ActiveCfg = Release|x86
		{D6314431-6C67-469E-AD3D-59BE22AC5CF0}.Release|x86.Build.0 = Release|x86
		{6070E925-DDB6-405F-A8B8-442F0C06CF5F}.All|Any CPU.ActiveCfg = Release|Any CPU
		{6070E925-DDB6-405F-A8B8-442F0C06CF5F}.All|Any CPU.Build.0 = Release|Any CPU
		{6070E925-DDB6-405F-A8B8-442F0C06CF5F}.All|x86.ActiveCfg = Release|x86
		{6070E925-DDB6-405F-A8B8-442F0C06CF5F}.All|x86.Build.0 = Release|x86
		{6070E925-DDB6-405F-A8B8-442F0C06CF5F}.Debug|Any CPU.ActiveCfg = Debug|Any CPU
		{6070E925-DDB6-405F-A8B8-442F0C06CF5F}.Debug|Any CPU.Build.0 = Debug|Any CPU
		{6070E925-DDB6-405F-A8B8-442F0C06CF5F}.Debug|x86.ActiveCfg = Debug|x86
		{6070E925-DDB6-405F-A8B8-442F0C06CF5F}.Debug|x86.Build.0 = Debug|x86
		{6070E925-DDB6-405F-A8B8-442F0C06CF5F}.Release|Any CPU.ActiveCfg = Release|Any CPU
		{6070E925-DDB6-405F-A8B8-442F0C06CF5F}.Release|Any CPU.Build.0 = Release|Any CPU
		{6070E925-DDB6-405F-A8B8-442F0C06CF5F}.Release|x86.ActiveCfg = Release|x86
		{6070E925-DDB6-405F-A8B8-442F0C06CF5F}.Release|x86.Build.0 = Release|x86
		{17BAE082-05AE-43C1-B2FD-194D2AF1C6D0}.All|Any CPU.ActiveCfg = Release|Any CPU
		{17BAE082-05AE-43C1-B2FD-194D2AF1C6D0}.All|Any CPU.Build.0 = Release|Any CPU
		{17BAE082-05AE-43C1-B2FD-194D2AF1C6D0}.All|x86.ActiveCfg = Release|x86
		{17BAE082-05AE-43C1-B2FD-194D2AF1C6D0}.All|x86.Build.0 = Release|x86
		{17BAE082-05AE-43C1-B2FD-194D2AF1C6D0}.Debug|Any CPU.ActiveCfg = Debug|Any CPU
		{17BAE082-05AE-43C1-B2FD-194D2AF1C6D0}.Debug|Any CPU.Build.0 = Debug|Any CPU
		{17BAE082-05AE-43C1-B2FD-194D2AF1C6D0}.Debug|x86.ActiveCfg = Debug|x86
		{17BAE082-05AE-43C1-B2FD-194D2AF1C6D0}.Debug|x86.Build.0 = Debug|x86
		{17BAE082-05AE-43C1-B2FD-194D2AF1C6D0}.Release|Any CPU.ActiveCfg = Release|Any CPU
		{17BAE082-05AE-43C1-B2FD-194D2AF1C6D0}.Release|Any CPU.Build.0 = Release|Any CPU
		{17BAE082-05AE-43C1-B2FD-194D2AF1C6D0}.Release|x86.ActiveCfg = Release|x86
		{17BAE082-05AE-43C1-B2FD-194D2AF1C6D0}.Release|x86.Build.0 = Release|x86
		{16CCFC84-B142-452F-9D28-98D2A05469E8}.All|Any CPU.ActiveCfg = Release|Any CPU
		{16CCFC84-B142-452F-9D28-98D2A05469E8}.All|Any CPU.Build.0 = Release|Any CPU
		{16CCFC84-B142-452F-9D28-98D2A05469E8}.All|x86.ActiveCfg = Release|x86
		{16CCFC84-B142-452F-9D28-98D2A05469E8}.All|x86.Build.0 = Release|x86
		{16CCFC84-B142-452F-9D28-98D2A05469E8}.Debug|Any CPU.ActiveCfg = Debug|Any CPU
		{16CCFC84-B142-452F-9D28-98D2A05469E8}.Debug|Any CPU.Build.0 = Debug|Any CPU
		{16CCFC84-B142-452F-9D28-98D2A05469E8}.Debug|x86.ActiveCfg = Debug|x86
		{16CCFC84-B142-452F-9D28-98D2A05469E8}.Debug|x86.Build.0 = Debug|x86
		{16CCFC84-B142-452F-9D28-98D2A05469E8}.Release|Any CPU.ActiveCfg = Release|Any CPU
		{16CCFC84-B142-452F-9D28-98D2A05469E8}.Release|Any CPU.Build.0 = Release|Any CPU
		{16CCFC84-B142-452F-9D28-98D2A05469E8}.Release|x86.ActiveCfg = Release|x86
		{16CCFC84-B142-452F-9D28-98D2A05469E8}.Release|x86.Build.0 = Release|x86
		{67A19E61-1BB5-4B14-8956-81BD4388BDDA}.All|Any CPU.ActiveCfg = Debug|Any CPU
		{67A19E61-1BB5-4B14-8956-81BD4388BDDA}.All|Any CPU.Build.0 = Debug|Any CPU
		{67A19E61-1BB5-4B14-8956-81BD4388BDDA}.All|x86.ActiveCfg = Release|x86
		{67A19E61-1BB5-4B14-8956-81BD4388BDDA}.All|x86.Build.0 = Release|x86
		{67A19E61-1BB5-4B14-8956-81BD4388BDDA}.Debug|Any CPU.ActiveCfg = Debug|x86
		{67A19E61-1BB5-4B14-8956-81BD4388BDDA}.Debug|Any CPU.Build.0 = Debug|x86
		{67A19E61-1BB5-4B14-8956-81BD4388BDDA}.Debug|x86.ActiveCfg = Debug|x86
		{67A19E61-1BB5-4B14-8956-81BD4388BDDA}.Debug|x86.Build.0 = Debug|x86
		{67A19E61-1BB5-4B14-8956-81BD4388BDDA}.Release|Any CPU.ActiveCfg = Release|Any CPU
		{67A19E61-1BB5-4B14-8956-81BD4388BDDA}.Release|Any CPU.Build.0 = Release|Any CPU
		{67A19E61-1BB5-4B14-8956-81BD4388BDDA}.Release|x86.ActiveCfg = Release|x86
		{67A19E61-1BB5-4B14-8956-81BD4388BDDA}.Release|x86.Build.0 = Release|x86
		{73875834-B2F3-4BEA-BC4D-816678DE24DB}.All|Any CPU.ActiveCfg = Debug|Any CPU
		{73875834-B2F3-4BEA-BC4D-816678DE24DB}.All|Any CPU.Build.0 = Debug|Any CPU
		{73875834-B2F3-4BEA-BC4D-816678DE24DB}.All|x86.ActiveCfg = Debug|Any CPU
		{73875834-B2F3-4BEA-BC4D-816678DE24DB}.All|x86.Build.0 = Debug|Any CPU
		{73875834-B2F3-4BEA-BC4D-816678DE24DB}.Debug|Any CPU.ActiveCfg = Debug|Any CPU
		{73875834-B2F3-4BEA-BC4D-816678DE24DB}.Debug|Any CPU.Build.0 = Debug|Any CPU
		{73875834-B2F3-4BEA-BC4D-816678DE24DB}.Debug|x86.ActiveCfg = Debug|Any CPU
		{73875834-B2F3-4BEA-BC4D-816678DE24DB}.Debug|x86.Build.0 = Debug|Any CPU
		{73875834-B2F3-4BEA-BC4D-816678DE24DB}.Release|Any CPU.ActiveCfg = Release|Any CPU
		{73875834-B2F3-4BEA-BC4D-816678DE24DB}.Release|Any CPU.Build.0 = Release|Any CPU
		{73875834-B2F3-4BEA-BC4D-816678DE24DB}.Release|x86.ActiveCfg = Release|Any CPU
		{73875834-B2F3-4BEA-BC4D-816678DE24DB}.Release|x86.Build.0 = Release|Any CPU
		{96D817DC-C3F0-44B3-A1F1-C1BE0ACC0122}.All|Any CPU.ActiveCfg = Debug
		{96D817DC-C3F0-44B3-A1F1-C1BE0ACC0122}.All|x86.ActiveCfg = Debug
		{96D817DC-C3F0-44B3-A1F1-C1BE0ACC0122}.Debug|Any CPU.ActiveCfg = Debug
		{96D817DC-C3F0-44B3-A1F1-C1BE0ACC0122}.Debug|x86.ActiveCfg = Debug
		{96D817DC-C3F0-44B3-A1F1-C1BE0ACC0122}.Release|Any CPU.ActiveCfg = Release
		{96D817DC-C3F0-44B3-A1F1-C1BE0ACC0122}.Release|x86.ActiveCfg = Release
	EndGlobalSection
	GlobalSection(SolutionProperties) = preSolution
		HideSolutionNode = FALSE
	EndGlobalSection
	GlobalSection(ExtensibilityGlobals) = postSolution
		SolutionGuid = {2C5612AB-D193-45F2-B8C5-A861D66A0979}
	EndGlobalSection
EndGlobal
